
Microsoft Visual Studio Solution File, Format Version 12.00
# Visual Studio Version 18
VisualStudioVersion = 18.4.11620.152
MinimumVisualStudioVersion = 10.0.40219.1
Project("{2150E333-8FDC-42A3-9474-1A3956D46DE8}") = "1 - Presentation", "1 - Presentation", "{02EA681E-C7D8-13C7-8484-4AC65E1B71E8}"
EndProject
Project("{2150E333-8FDC-42A3-9474-1A3956D46DE8}") = "2 - Application", "2 - Application", "{2CC8A047-9004-47D1-A6E8-33A563155586}"
EndProject
Project("{2150E333-8FDC-42A3-9474-1A3956D46DE8}") = "3 - Domain", "3 - Domain", "{6B5A2EB6-7B98-4C93-8536-4D3C21C182FA}"
EndProject
Project("{2150E333-8FDC-42A3-9474-1A3956D46DE8}") = "4 - Infra", "4 - Infra", "{98ABB32D-B4E9-494C-AA1F-19E51E48E325}"
EndProject
Project("{2150E333-8FDC-42A3-9474-1A3956D46DE8}") = "5 - CrossCutting", "5 - CrossCutting", "{E75FFB00-397E-40BC-91D4-8EB10AAC8759}"
EndProject
Project("{FAE04EC0-301F-11D3-BF4B-00C04F79EFBC}") = "FgcGames.Api", "src\FgcGames.Api\FgcGames.Api.csproj", "{62A94040-4833-4186-939F-463016AA27FB}"
EndProject
Project("{FAE04EC0-301F-11D3-BF4B-00C04F79EFBC}") = "FgcGames.Application", "src\FgcGames.Application\FgcGames.Application.csproj", "{FEA8238A-A71C-4093-8719-4C6B7B083336}"
EndProject
Project("{FAE04EC0-301F-11D3-BF4B-00C04F79EFBC}") = "FgcGames.Infra", "src\FgcGames.Infra\FgcGames.Infra.csproj", "{FCAF0F39-0D71-46A6-8CA9-40650C06A79F}"
EndProject
Project("{FAE04EC0-301F-11D3-BF4B-00C04F79EFBC}") = "FgcGames.Domain", "src\FgcGames.Domain\FgcGames.Domain.csproj", "{DAFC22BD-078C-445A-B459-61D747526EA8}"
EndProject
Project("{FAE04EC0-301F-11D3-BF4B-00C04F79EFBC}") = "FgcGames.IoC", "src\FgcGames.IoC\FgcGames.IoC.csproj", "{B3CA26BC-2211-306F-C3B8-9AFB7940C823}"
EndProject
Project("{FAE04EC0-301F-11D3-BF4B-00C04F79EFBC}") = "FgcGames.Shared", "src\FgcGames.Shared\FgcGames.Shared.csproj", "{66F626FF-49A9-EADE-3258-97B4BBD9FEB3}"
EndProject
Project("{2150E333-8FDC-42A3-9474-1A3956D46DE8}") = "6 - Tests", "6 - Tests", "{DE7D98A0-4637-46A3-A2C7-EF7C923FB479}"
EndProject
Project("{FAE04EC0-301F-11D3-BF4B-00C04F79EFBC}") = "FgcGames.AppHost", "src\FgcGames.AppHost\FgcGames.AppHost.csproj", "{9AFEFC89-3582-4FFA-A02E-7ADD15CB3637}"
EndProject
Project("{FAE04EC0-301F-11D3-BF4B-00C04F79EFBC}") = "FgcGames.ServiceDefaults", "src\FgcGames.ServiceDefaults\FgcGames.ServiceDefaults.csproj", "{4A2B457A-FDAE-12A8-49C1-420BA9BC75A7}"
EndProject
Project("{FAE04EC0-301F-11D3-BF4B-00C04F79EFBC}") = "FgcGames.UnitTests", "tests\FgcGames.UnitTests\FgcGames.UnitTests.csproj", "{EA86800B-DA27-42B8-B8A1-B1B07131C2CD}"
EndProject
Project("{FAE04EC0-301F-11D3-BF4B-00C04F79EFBC}") = "FgcGames.IntegrationTests", "tests\FgcGames.IntegrationTests\FgcGames.IntegrationTests.csproj", "{50A34603-84FF-4E8F-8790-929AD4F9A6D6}"
EndProject
Project("{2150E333-8FDC-42A3-9474-1A3956D46DE8}") = "tests", "tests", "{0AB3BF05-4346-4AA6-1389-037BE0695223}"
EndProject
Project("{FAE04EC0-301F-11D3-BF4B-00C04F79EFBC}") = "FgcGames.BDDTests", "tests\FgcGames.BDDTests\FgcGames.BDDTests.csproj", "{5EA246AA-4757-4E7D-B114-C1A08B61EE56}"
EndProject
Project("{2150E333-8FDC-42A3-9474-1A3956D46DE8}") = "src", "src", "{827E0CD3-B72D-47B6-A68D-7590B98EB39B}"
EndProject
Global
	GlobalSection(SolutionConfigurationPlatforms) = preSolution
		Debug|Any CPU = Debug|Any CPU
		Debug|x64 = Debug|x64
		Debug|x86 = Debug|x86
		Release|Any CPU = Release|Any CPU
		Release|x64 = Release|x64
		Release|x86 = Release|x86
	EndGlobalSection
	GlobalSection(ProjectConfigurationPlatforms) = postSolution
		{62A94040-4833-4186-939F-463016AA27FB}.Debug|Any CPU.ActiveCfg = Debug|Any CPU
		{62A94040-4833-4186-939F-463016AA27FB}.Debug|Any CPU.Build.0 = Debug|Any CPU
		{62A94040-4833-4186-939F-463016AA27FB}.Debug|x64.ActiveCfg = Debug|Any CPU
		{62A94040-4833-4186-939F-463016AA27FB}.Debug|x64.Build.0 = Debug|Any CPU
		{62A94040-4833-4186-939F-463016AA27FB}.Debug|x86.ActiveCfg = Debug|Any CPU
		{62A94040-4833-4186-939F-463016AA27FB}.Debug|x86.Build.0 = Debug|Any CPU
		{62A94040-4833-4186-939F-463016AA27FB}.Release|Any CPU.ActiveCfg = Release|Any CPU
		{62A94040-4833-4186-939F-463016AA27FB}.Release|Any CPU.Build.0 = Release|Any CPU
		{62A94040-4833-4186-939F-463016AA27FB}.Release|x64.ActiveCfg = Release|Any CPU
		{62A94040-4833-4186-939F-463016AA27FB}.Release|x64.Build.0 = Release|Any CPU
		{62A94040-4833-4186-939F-463016AA27FB}.Release|x86.ActiveCfg = Release|Any CPU
		{62A94040-4833-4186-939F-463016AA27FB}.Release|x86.Build.0 = Release|Any CPU
		{FEA8238A-A71C-4093-8719-4C6B7B083336}.Debug|Any CPU.ActiveCfg = Debug|Any CPU
		{FEA8238A-A71C-4093-8719-4C6B7B083336}.Debug|Any CPU.Build.0 = Debug|Any CPU
		{FEA8238A-A71C-4093-8719-4C6B7B083336}.Debug|x64.ActiveCfg = Debug|Any CPU
		{FEA8238A-A71C-4093-8719-4C6B7B083336}.Debug|x64.Build.0 = Debug|Any CPU
		{FEA8238A-A71C-4093-8719-4C6B7B083336}.Debug|x86.ActiveCfg = Debug|Any CPU
		{FEA8238A-A71C-4093-8719-4C6B7B083336}.Debug|x86.Build.0 = Debug|Any CPU
		{FEA8238A-A71C-4093-8719-4C6B7B083336}.Release|Any CPU.ActiveCfg = Release|Any CPU
		{FEA8238A-A71C-4093-8719-4C6B7B083336}.Release|Any CPU.Build.0 = Release|Any CPU
		{FEA8238A-A71C-4093-8719-4C6B7B083336}.Release|x64.ActiveCfg = Release|Any CPU
		{FEA8238A-A71C-4093-8719-4C6B7B083336}.Release|x64.Build.0 = Release|Any CPU
		{FEA8238A-A71C-4093-8719-4C6B7B083336}.Release|x86.ActiveCfg = Release|Any CPU
		{FEA8238A-A71C-4093-8719-4C6B7B083336}.Release|x86.Build.0 = Release|Any CPU
		{FCAF0F39-0D71-46A6-8CA9-40650C06A79F}.Debug|Any CPU.ActiveCfg = Debug|Any CPU
		{FCAF0F39-0D71-46A6-8CA9-40650C06A79F}.Debug|Any CPU.Build.0 = Debug|Any CPU
		{FCAF0F39-0D71-46A6-8CA9-40650C06A79F}.Debug|x64.ActiveCfg = Debug|Any CPU
		{FCAF0F39-0D71-46A6-8CA9-40650C06A79F}.Debug|x64.Build.0 = Debug|Any CPU
		{FCAF0F39-0D71-46A6-8CA9-40650C06A79F}.Debug|x86.ActiveCfg = Debug|Any CPU
		{FCAF0F39-0D71-46A6-8CA9-40650C06A79F}.Debug|x86.Build.0 = Debug|Any CPU
		{FCAF0F39-0D71-46A6-8CA9-40650C06A79F}.Release|Any CPU.ActiveCfg = Release|Any CPU
		{FCAF0F39-0D71-46A6-8CA9-40650C06A79F}.Release|Any CPU.Build.0 = Release|Any CPU
		{FCAF0F39-0D71-46A6-8CA9-40650C06A79F}.Release|x64.ActiveCfg = Release|Any CPU
		{FCAF0F39-0D71-46A6-8CA9-40650C06A79F}.Release|x64.Build.0 = Release|Any CPU
		{FCAF0F39-0D71-46A6-8CA9-40650C06A79F}.Release|x86.ActiveCfg = Release|Any CPU
		{FCAF0F39-0D71-46A6-8CA9-40650C06A79F}.Release|x86.Build.0 = Release|Any CPU
		{DAFC22BD-078C-445A-B459-61D747526EA8}.Debug|Any CPU.ActiveCfg = Debug|Any CPU
		{DAFC22BD-078C-445A-B459-61D747526EA8}.Debug|Any CPU.Build.0 = Debug|Any CPU
		{DAFC22BD-078C-445A-B459-61D747526EA8}.Debug|x64.ActiveCfg = Debug|Any CPU
		{DAFC22BD-078C-445A-B459-61D747526EA8}.Debug|x64.Build.0 = Debug|Any CPU
		{DAFC22BD-078C-445A-B459-61D747526EA8}.Debug|x86.ActiveCfg = Debug|Any CPU
		{DAFC22BD-078C-445A-B459-61D747526EA8}.Debug|x86.Build.0 = Debug|Any CPU
		{DAFC22BD-078C-445A-B459-61D747526EA8}.Release|Any CPU.ActiveCfg = Release|Any CPU
		{DAFC22BD-078C-445A-B459-61D747526EA8}.Release|Any CPU.Build.0 = Release|Any CPU
		{DAFC22BD-078C-445A-B459-61D747526EA8}.Release|x64.ActiveCfg = Release|Any CPU
		{DAFC22BD-078C-445A-B459-61D747526EA8}.Release|x64.Build.0 = Release|Any CPU
		{DAFC22BD-078C-445A-B459-61D747526EA8}.Release|x86.ActiveCfg = Release|Any CPU
		{DAFC22BD-078C-445A-B459-61D747526EA8}.Release|x86.Build.0 = Release|Any CPU
		{B3CA26BC-2211-306F-C3B8-9AFB7940C823}.Debug|Any CPU.ActiveCfg = Debug|Any CPU
		{B3CA26BC-2211-306F-C3B8-9AFB7940C823}.Debug|Any CPU.Build.0 = Debug|Any CPU
		{B3CA26BC-2211-306F-C3B8-9AFB7940C823}.Debug|x64.ActiveCfg = Debug|Any CPU
		{B3CA26BC-2211-306F-C3B8-9AFB7940C823}.Debug|x64.Build.0 = Debug|Any CPU
		{B3CA26BC-2211-306F-C3B8-9AFB7940C823}.Debug|x86.ActiveCfg = Debug|Any CPU
		{B3CA26BC-2211-306F-C3B8-9AFB7940C823}.Debug|x86.Build.0 = Debug|Any CPU
		{B3CA26BC-2211-306F-C3B8-9AFB7940C823}.Release|Any CPU.ActiveCfg = Release|Any CPU
		{B3CA26BC-2211-306F-C3B8-9AFB7940C823}.Release|Any CPU.Build.0 = Release|Any CPU
		{B3CA26BC-2211-306F-C3B8-9AFB7940C823}.Release|x64.ActiveCfg = Release|Any CPU
		{B3CA26BC-2211-306F-C3B8-9AFB7940C823}.Release|x64.Build.0 = Release|Any CPU
		{B3CA26BC-2211-306F-C3B8-9AFB7940C823}.Release|x86.ActiveCfg = Release|Any CPU
		{B3CA26BC-2211-306F-C3B8-9AFB7940C823}.Release|x86.Build.0 = Release|Any CPU
		{66F626FF-49A9-EADE-3258-97B4BBD9FEB3}.Debug|Any CPU.ActiveCfg = Debug|Any CPU
		{66F626FF-49A9-EADE-3258-97B4BBD9FEB3}.Debug|Any CPU.Build.0 = Debug|Any CPU
		{66F626FF-49A9-EADE-3258-97B4BBD9FEB3}.Debug|x64.ActiveCfg = Debug|Any CPU
		{66F626FF-49A9-EADE-3258-97B4BBD9FEB3}.Debug|x64.Build.0 = Debug|Any CPU
		{66F626FF-49A9-EADE-3258-97B4BBD9FEB3}.Debug|x86.ActiveCfg = Debug|Any CPU
		{66F626FF-49A9-EADE-3258-97B4BBD9FEB3}.Debug|x86.Build.0 = Debug|Any CPU
		{66F626FF-49A9-EADE-3258-97B4BBD9FEB3}.Release|Any CPU.ActiveCfg = Release|Any CPU
		{66F626FF-49A9-EADE-3258-97B4BBD9FEB3}.Release|Any CPU.Build.0 = Release|Any CPU
		{66F626FF-49A9-EADE-3258-97B4BBD9FEB3}.Release|x64.ActiveCfg = Release|Any CPU
		{66F626FF-49A9-EADE-3258-97B4BBD9FEB3}.Release|x64.Build.0 = Release|Any CPU
		{66F626FF-49A9-EADE-3258-97B4BBD9FEB3}.Release|x86.ActiveCfg = Release|Any CPU
		{66F626FF-49A9-EADE-3258-97B4BBD9FEB3}.Release|x86.Build.0 = Release|Any CPU
		{9AFEFC89-3582-4FFA-A02E-7ADD15CB3637}.Debug|Any CPU.ActiveCfg = Debug|Any CPU
		{9AFEFC89-3582-4FFA-A02E-7ADD15CB3637}.Debug|Any CPU.Build.0 = Debug|Any CPU
		{9AFEFC89-3582-4FFA-A02E-7ADD15CB3637}.Debug|x64.ActiveCfg = Debug|Any CPU
		{9AFEFC89-3582-4FFA-A02E-7ADD15CB3637}.Debug|x64.Build.0 = Debug|Any CPU
		{9AFEFC89-3582-4FFA-A02E-7ADD15CB3637}.Debug|x86.ActiveCfg = Debug|Any CPU
		{9AFEFC89-3582-4FFA-A02E-7ADD15CB3637}.Debug|x86.Build.0 = Debug|Any CPU
		{9AFEFC89-3582-4FFA-A02E-7ADD15CB3637}.Release|Any CPU.ActiveCfg = Release|Any CPU
		{9AFEFC89-3582-4FFA-A02E-7ADD15CB3637}.Release|Any CPU.Build.0 = Release|Any CPU
		{9AFEFC89-3582-4FFA-A02E-7ADD15CB3637}.Release|x64.ActiveCfg = Release|Any CPU
		{9AFEFC89-3582-4FFA-A02E-7ADD15CB3637}.Release|x64.Build.0 = Release|Any CPU
		{9AFEFC89-3582-4FFA-A02E-7ADD15CB3637}.Release|x86.ActiveCfg = Release|Any CPU
		{9AFEFC89-3582-4FFA-A02E-7ADD15CB3637}.Release|x86.Build.0 = Release|Any CPU
		{4A2B457A-FDAE-12A8-49C1-420BA9BC75A7}.Debug|Any CPU.ActiveCfg = Debug|Any CPU
		{4A2B457A-FDAE-12A8-49C1-420BA9BC75A7}.Debug|Any CPU.Build.0 = Debug|Any CPU
		{4A2B457A-FDAE-12A8-49C1-420BA9BC75A7}.Debug|x64.ActiveCfg = Debug|Any CPU
		{4A2B457A-FDAE-12A8-49C1-420BA9BC75A7}.Debug|x64.Build.0 = Debug|Any CPU
		{4A2B457A-FDAE-12A8-49C1-420BA9BC75A7}.Debug|x86.ActiveCfg = Debug|Any CPU
		{4A2B457A-FDAE-12A8-49C1-420BA9BC75A7}.Debug|x86.Build.0 = Debug|Any CPU
		{4A2B457A-FDAE-12A8-49C1-420BA9BC75A7}.Release|Any CPU.ActiveCfg = Release|Any CPU
		{4A2B457A-FDAE-12A8-49C1-420BA9BC75A7}.Release|Any CPU.Build.0 = Release|Any CPU
		{4A2B457A-FDAE-12A8-49C1-420BA9BC75A7}.Release|x64.ActiveCfg = Release|Any CPU
		{4A2B457A-FDAE-12A8-49C1-420BA9BC75A7}.Release|x64.Build.0 = Release|Any CPU
		{4A2B457A-FDAE-12A8-49C1-420BA9BC75A7}.Release|x86.ActiveCfg = Release|Any CPU
		{4A2B457A-FDAE-12A8-49C1-420BA9BC75A7}.Release|x86.Build.0 = Release|Any CPU
		{EA86800B-DA27-42B8-B8A1-B1B07131C2CD}.Debug|Any CPU.ActiveCfg = Debug|Any CPU
		{EA86800B-DA27-42B8-B8A1-B1B07131C2CD}.Debug|Any CPU.Build.0 = Debug|Any CPU
		{EA86800B-DA27-42B8-B8A1-B1B07131C2CD}.Debug|x64.ActiveCfg = Debug|Any CPU
		{EA86800B-DA27-42B8-B8A1-B1B07131C2CD}.Debug|x64.Build.0 = Debug|Any CPU
		{EA86800B-DA27-42B8-B8A1-B1B07131C2CD}.Debug|x86.ActiveCfg = Debug|Any CPU
		{EA86800B-DA27-42B8-B8A1-B1B07131C2CD}.Debug|x86.Build.0 = Debug|Any CPU
		{EA86800B-DA27-42B8-B8A1-B1B07131C2CD}.Release|Any CPU.ActiveCfg = Release|Any CPU
		{EA86800B-DA27-42B8-B8A1-B1B07131C2CD}.Release|Any CPU.Build.0 = Release|Any CPU
		{EA86800B-DA27-42B8-B8A1-B1B07131C2CD}.Release|x64.ActiveCfg = Release|Any CPU
		{EA86800B-DA27-42B8-B8A1-B1B07131C2CD}.Release|x64.Build.0 = Release|Any CPU
		{EA86800B-DA27-42B8-B8A1-B1B07131C2CD}.Release|x86.ActiveCfg = Release|Any CPU
		{EA86800B-DA27-42B8-B8A1-B1B07131C2CD}.Release|x86.Build.0 = Release|Any CPU
		{50A34603-84FF-4E8F-8790-929AD4F9A6D6}.Debug|Any CPU.ActiveCfg = Debug|Any CPU
		{50A34603-84FF-4E8F-8790-929AD4F9A6D6}.Debug|Any CPU.Build.0 = Debug|Any CPU
		{50A34603-84FF-4E8F-8790-929AD4F9A6D6}.Debug|x64.ActiveCfg = Debug|Any CPU
		{50A34603-84FF-4E8F-8790-929AD4F9A6D6}.Debug|x64.Build.0 = Debug|Any CPU
		{50A34603-84FF-4E8F-8790-929AD4F9A6D6}.Debug|x86.ActiveCfg = Debug|Any CPU
		{50A34603-84FF-4E8F-8790-929AD4F9A6D6}.Debug|x86.Build.0 = Debug|Any CPU
		{50A34603-84FF-4E8F-8790-929AD4F9A6D6}.Release|Any CPU.ActiveCfg = Release|Any CPU
		{50A34603-84FF-4E8F-8790-929AD4F9A6D6}.Release|Any CPU.Build.0 = Release|Any CPU
		{50A34603-84FF-4E8F-8790-929AD4F9A6D6}.Release|x64.ActiveCfg = Release|Any CPU
		{50A34603-84FF-4E8F-8790-929AD4F9A6D6}.Release|x64.Build.0 = Release|Any CPU
		{50A34603-84FF-4E8F-8790-929AD4F9A6D6}.Release|x86.ActiveCfg = Release|Any CPU
		{50A34603-84FF-4E8F-8790-929AD4F9A6D6}.Release|x86.Build.0 = Release|Any CPU
		{5EA246AA-4757-4E7D-B114-C1A08B61EE56}.Debug|Any CPU.ActiveCfg = Debug|Any CPU
		{5EA246AA-4757-4E7D-B114-C1A08B61EE56}.Debug|Any CPU.Build.0 = Debug|Any CPU
		{5EA246AA-4757-4E7D-B114-C1A08B61EE56}.Debug|x64.ActiveCfg = Debug|Any CPU
		{5EA246AA-4757-4E7D-B114-C1A08B61EE56}.Debug|x64.Build.0 = Debug|Any CPU
		{5EA246AA-4757-4E7D-B114-C1A08B61EE56}.Debug|x86.ActiveCfg = Debug|Any CPU
		{5EA246AA-4757-4E7D-B114-C1A08B61EE56}.Debug|x86.Build.0 = Debug|Any CPU
		{5EA246AA-4757-4E7D-B114-C1A08B61EE56}.Release|Any CPU.ActiveCfg = Release|Any CPU
		{5EA246AA-4757-4E7D-B114-C1A08B61EE56}.Release|Any CPU.Build.0 = Release|Any CPU
		{5EA246AA-4757-4E7D-B114-C1A08B61EE56}.Release|x64.ActiveCfg = Release|Any CPU
		{5EA246AA-4757-4E7D-B114-C1A08B61EE56}.Release|x64.Build.0 = Release|Any CPU
		{5EA246AA-4757-4E7D-B114-C1A08B61EE56}.Release|x86.ActiveCfg = Release|Any CPU
		{5EA246AA-4757-4E7D-B114-C1A08B61EE56}.Release|x86.Build.0 = Release|Any CPU
	EndGlobalSection
	GlobalSection(SolutionProperties) = preSolution
		HideSolutionNode = FALSE
	EndGlobalSection
	GlobalSection(NestedProjects) = preSolution
		{62A94040-4833-4186-939F-463016AA27FB} = {02EA681E-C7D8-13C7-8484-4AC65E1B71E8}
		{FEA8238A-A71C-4093-8719-4C6B7B083336} = {2CC8A047-9004-47D1-A6E8-33A563155586}
		{FCAF0F39-0D71-46A6-8CA9-40650C06A79F} = {98ABB32D-B4E9-494C-AA1F-19E51E48E325}
		{DAFC22BD-078C-445A-B459-61D747526EA8} = {6B5A2EB6-7B98-4C93-8536-4D3C21C182FA}
		{B3CA26BC-2211-306F-C3B8-9AFB7940C823} = {E75FFB00-397E-40BC-91D4-8EB10AAC8759}
		{66F626FF-49A9-EADE-3258-97B4BBD9FEB3} = {E75FFB00-397E-40BC-91D4-8EB10AAC8759}
		{9AFEFC89-3582-4FFA-A02E-7ADD15CB3637} = {02EA681E-C7D8-13C7-8484-4AC65E1B71E8}
		{4A2B457A-FDAE-12A8-49C1-420BA9BC75A7} = {02EA681E-C7D8-13C7-8484-4AC65E1B71E8}
		{EA86800B-DA27-42B8-B8A1-B1B07131C2CD} = {DE7D98A0-4637-46A3-A2C7-EF7C923FB479}
		{50A34603-84FF-4E8F-8790-929AD4F9A6D6} = {DE7D98A0-4637-46A3-A2C7-EF7C923FB479}
		{5EA246AA-4757-4E7D-B114-C1A08B61EE56} = {0AB3BF05-4346-4AA6-1389-037BE0695223}
	EndGlobalSection
	GlobalSection(ExtensibilityGlobals) = postSolution
		SolutionGuid = {6E67599C-1829-4D5F-BA87-44F42335EA42}
	EndGlobalSection
EndGlobal
