
Microsoft Visual Studio Solution File, Format Version 12.00
# Visual Studio Version 18
VisualStudioVersion = 18.4.11620.152
MinimumVisualStudioVersion = 10.0.40219.1
Project("{2150E333-8FDC-42A3-9474-1A3956D46DE8}") = "1 - Api", "1 - Api", "{02EA681E-C7D8-13C7-8484-4AC65E1B71E8}"
EndProject
Project("{2150E333-8FDC-42A3-9474-1A3956D46DE8}") = "2 - Application", "2 - Application", "{2CC8A047-9004-47D1-A6E8-33A563155586}"
EndProject
Project("{2150E333-8FDC-42A3-9474-1A3956D46DE8}") = "3 - Domain", "3 - Domain", "{6B5A2EB6-7B98-4C93-8536-4D3C21C182FA}"
EndProject
Project("{2150E333-8FDC-42A3-9474-1A3956D46DE8}") = "4 - Infra", "4 - Infra", "{98ABB32D-B4E9-494C-AA1F-19E51E48E325}"
EndProject
Project("{2150E333-8FDC-42A3-9474-1A3956D46DE8}") = "5 - Ioc", "5 - Ioc", "{E75FFB00-397E-40BC-91D4-8EB10AAC8759}"
EndProject
Project("{FAE04EC0-301F-11D3-BF4B-00C04F79EFBC}") = "FgcGames.Api", "src\FgcGames.Api\FgcGames.Api.csproj", "{62A94040-4833-4186-939F-463016AA27FB}"
EndProject
Project("{FAE04EC0-301F-11D3-BF4B-00C04F79EFBC}") = "FgcGames.Application", "src\FgcGames.Application\FgcGames.Application.csproj", "{FEA8238A-A71C-4093-8719-4C6B7B083336}"
EndProject
Project("{FAE04EC0-301F-11D3-BF4B-00C04F79EFBC}") = "FgcGames.Infra", "src\FgcGames.Infra\FgcGames.Infra.csproj", "{FCAF0F39-0D71-46A6-8CA9-40650C06A79F}"
EndProject
Project("{FAE04EC0-301F-11D3-BF4B-00C04F79EFBC}") = "FgcGames.Domain", "src\FgcGames.Domain\FgcGames.Domain.csproj", "{DAFC22BD-078C-445A-B459-61D747526EA8}"
EndProject
Project("{FAE04EC0-301F-11D3-BF4B-00C04F79EFBC}") = "FgcGames.IoC", "src\FgcGames.IoC\FgcGames.IoC.csproj", "{B3CA26BC-2211-306F-C3B8-9AFB7940C823}"
EndProject
Project("{2150E333-8FDC-42A3-9474-1A3956D46DE8}") = "6 - Shared", "6 - Shared", "{E0D1790A-CE63-4E6F-8972-3DC65388005B}"
EndProject
Project("{FAE04EC0-301F-11D3-BF4B-00C04F79EFBC}") = "FgcGames.Shared", "src\FgcGames.Shared\FgcGames.Shared.csproj", "{66F626FF-49A9-EADE-3258-97B4BBD9FEB3}"
EndProject
Project("{2150E333-8FDC-42A3-9474-1A3956D46DE8}") = "7 - Tests", "7 - Tests", "{DE7D98A0-4637-46A3-A2C7-EF7C923FB479}"
EndProject
Project("{2150E333-8FDC-42A3-9474-1A3956D46DE8}") = "UnitTests", "UnitTests", "{BFFEEEE5-090B-4DA0-8803-6C19AC8E8712}"
EndProject
Project("{2150E333-8FDC-42A3-9474-1A3956D46DE8}") = "IntegrationTests", "IntegrationTests", "{F4FE7E8D-0817-47B4-8AA4-4739E2E21E34}"
EndProject
Project("{FAE04EC0-301F-11D3-BF4B-00C04F79EFBC}") = "FgcGames.UnitTests", "tests\UnitTests\FgcGames.UnitTests\FgcGames.UnitTests.csproj", "{D498D867-81ED-1FF7-48A8-B0FC73514DD5}"
EndProject
Project("{FAE04EC0-301F-11D3-BF4B-00C04F79EFBC}") = "FgcGames.IntegrationTests", "tests\IntegrationTests\FgcGames.IntegrationTests\FgcGames.IntegrationTests.csproj", "{8988C02F-031D-7157-A6BA-F40ED6408B14}"
EndProject
Global
	GlobalSection(SolutionConfigurationPlatforms) = preSolution
		Debug|Any CPU = Debug|Any CPU
		Release|Any CPU = Release|Any CPU
	EndGlobalSection
	GlobalSection(ProjectConfigurationPlatforms) = postSolution
		{62A94040-4833-4186-939F-463016AA27FB}.Debug|Any CPU.ActiveCfg = Debug|Any CPU
		{62A94040-4833-4186-939F-463016AA27FB}.Debug|Any CPU.Build.0 = Debug|Any CPU
		{62A94040-4833-4186-939F-463016AA27FB}.Release|Any CPU.ActiveCfg = Release|Any CPU
		{62A94040-4833-4186-939F-463016AA27FB}.Release|Any CPU.Build.0 = Release|Any CPU
		{FEA8238A-A71C-4093-8719-4C6B7B083336}.Debug|Any CPU.ActiveCfg = Debug|Any CPU
		{FEA8238A-A71C-4093-8719-4C6B7B083336}.Debug|Any CPU.Build.0 = Debug|Any CPU
		{FEA8238A-A71C-4093-8719-4C6B7B083336}.Release|Any CPU.ActiveCfg = Release|Any CPU
		{FEA8238A-A71C-4093-8719-4C6B7B083336}.Release|Any CPU.Build.0 = Release|Any CPU
		{FCAF0F39-0D71-46A6-8CA9-40650C06A79F}.Debug|Any CPU.ActiveCfg = Debug|Any CPU
		{FCAF0F39-0D71-46A6-8CA9-40650C06A79F}.Debug|Any CPU.Build.0 = Debug|Any CPU
		{FCAF0F39-0D71-46A6-8CA9-40650C06A79F}.Release|Any CPU.ActiveCfg = Release|Any CPU
		{FCAF0F39-0D71-46A6-8CA9-40650C06A79F}.Release|Any CPU.Build.0 = Release|Any CPU
		{DAFC22BD-078C-445A-B459-61D747526EA8}.Debug|Any CPU.ActiveCfg = Debug|Any CPU
		{DAFC22BD-078C-445A-B459-61D747526EA8}.Debug|Any CPU.Build.0 = Debug|Any CPU
		{DAFC22BD-078C-445A-B459-61D747526EA8}.Release|Any CPU.ActiveCfg = Release|Any CPU
		{DAFC22BD-078C-445A-B459-61D747526EA8}.Release|Any CPU.Build.0 = Release|Any CPU
		{B3CA26BC-2211-306F-C3B8-9AFB7940C823}.Debug|Any CPU.ActiveCfg = Debug|Any CPU
		{B3CA26BC-2211-306F-C3B8-9AFB7940C823}.Debug|Any CPU.Build.0 = Debug|Any CPU
		{B3CA26BC-2211-306F-C3B8-9AFB7940C823}.Release|Any CPU.ActiveCfg = Release|Any CPU
		{B3CA26BC-2211-306F-C3B8-9AFB7940C823}.Release|Any CPU.Build.0 = Release|Any CPU
		{66F626FF-49A9-EADE-3258-97B4BBD9FEB3}.Debug|Any CPU.ActiveCfg = Debug|Any CPU
		{66F626FF-49A9-EADE-3258-97B4BBD9FEB3}.Debug|Any CPU.Build.0 = Debug|Any CPU
		{66F626FF-49A9-EADE-3258-97B4BBD9FEB3}.Release|Any CPU.ActiveCfg = Release|Any CPU
		{66F626FF-49A9-EADE-3258-97B4BBD9FEB3}.Release|Any CPU.Build.0 = Release|Any CPU
		{D498D867-81ED-1FF7-48A8-B0FC73514DD5}.Debug|Any CPU.ActiveCfg = Debug|Any CPU
		{D498D867-81ED-1FF7-48A8-B0FC73514DD5}.Debug|Any CPU.Build.0 = Debug|Any CPU
		{D498D867-81ED-1FF7-48A8-B0FC73514DD5}.Release|Any CPU.ActiveCfg = Release|Any CPU
		{D498D867-81ED-1FF7-48A8-B0FC73514DD5}.Release|Any CPU.Build.0 = Release|Any CPU
		{8988C02F-031D-7157-A6BA-F40ED6408B14}.Debug|Any CPU.ActiveCfg = Debug|Any CPU
		{8988C02F-031D-7157-A6BA-F40ED6408B14}.Debug|Any CPU.Build.0 = Debug|Any CPU
		{8988C02F-031D-7157-A6BA-F40ED6408B14}.Release|Any CPU.ActiveCfg = Release|Any CPU
		{8988C02F-031D-7157-A6BA-F40ED6408B14}.Release|Any CPU.Build.0 = Release|Any CPU
	EndGlobalSection
	GlobalSection(SolutionProperties) = preSolution
		HideSolutionNode = FALSE
	EndGlobalSection
	GlobalSection(NestedProjects) = preSolution
		{62A94040-4833-4186-939F-463016AA27FB} = {02EA681E-C7D8-13C7-8484-4AC65E1B71E8}
		{FEA8238A-A71C-4093-8719-4C6B7B083336} = {2CC8A047-9004-47D1-A6E8-33A563155586}
		{FCAF0F39-0D71-46A6-8CA9-40650C06A79F} = {98ABB32D-B4E9-494C-AA1F-19E51E48E325}
		{DAFC22BD-078C-445A-B459-61D747526EA8} = {6B5A2EB6-7B98-4C93-8536-4D3C21C182FA}
		{B3CA26BC-2211-306F-C3B8-9AFB7940C823} = {E75FFB00-397E-40BC-91D4-8EB10AAC8759}
		{66F626FF-49A9-EADE-3258-97B4BBD9FEB3} = {E0D1790A-CE63-4E6F-8972-3DC65388005B}
		{BFFEEEE5-090B-4DA0-8803-6C19AC8E8712} = {DE7D98A0-4637-46A3-A2C7-EF7C923FB479}
		{F4FE7E8D-0817-47B4-8AA4-4739E2E21E34} = {DE7D98A0-4637-46A3-A2C7-EF7C923FB479}
		{D498D867-81ED-1FF7-48A8-B0FC73514DD5} = {BFFEEEE5-090B-4DA0-8803-6C19AC8E8712}
		{8988C02F-031D-7157-A6BA-F40ED6408B14} = {F4FE7E8D-0817-47B4-8AA4-4739E2E21E34}
	EndGlobalSection
	GlobalSection(ExtensibilityGlobals) = postSolution
		SolutionGuid = {6E67599C-1829-4D5F-BA87-44F42335EA42}
	EndGlobalSection
EndGlobal
